
Microsoft Visual Studio Solution File, Format Version 12.00
# Visual Studio Version 17
VisualStudioVersion = 17.1.32210.238
MinimumVisualStudioVersion = 10.0.40219.1
Project("{8BC9CEB8-8B4A-11D0-8D11-00A0C91BC942}") = "RoverControl", "RoverControl.vcxproj", "{C5F80730-F44F-4478-BDAE-6634EFC2CA88}"
EndProject
Project("{2150E333-8FDC-42A3-9474-1A3956D46DE8}") = "Solution Items", "Solution Items", "{FF24B6E9-6968-47F3-9671-3BD2D352E695}"
	ProjectSection(SolutionItems) = preProject
		..\Samples\Mars_Rover.ino = ..\Samples\Mars_Rover.ino
	EndProjectSection
EndProject
Project("{8BC9CEB8-8B4A-11D0-8D11-00A0C91BC942}") = "Adafruit_PWM_Servo_Driver_Library-2.4.1", "C:\Users\stupo\OneDrive\Documents\Arduino\libraries\Adafruit_PWM_Servo_Driver_Library\Adafruit_PWM_Servo_Driver_Library-2.4.1.vcxitems", "{15A654D0-CC9D-4779-A862-6034FF475D6B}"
EndProject
Project("{8BC9CEB8-8B4A-11D0-8D11-00A0C91BC942}") = "ServoEasing-3.1.0", "C:\Users\stupo\OneDrive\Documents\Arduino\libraries\ServoEasing\ServoEasing-3.1.0.vcxitems", "{61CAF810-2EAC-4925-B631-C9C96ACC68B5}"
EndProject
Global
	GlobalSection(SolutionConfigurationPlatforms) = preSolution
		Debug|ARM = Debug|ARM
		Debug|ARM64 = Debug|ARM64
		Debug|x86 = Debug|x86
		Release|ARM = Release|ARM
		Release|ARM64 = Release|ARM64
		Release|x86 = Release|x86
	EndGlobalSection
	GlobalSection(ProjectConfigurationPlatforms) = postSolution
		{C5F80730-F44F-4478-BDAE-6634EFC2CA88}.Debug|ARM.ActiveCfg = Debug|Win32
		{C5F80730-F44F-4478-BDAE-6634EFC2CA88}.Debug|ARM.Build.0 = Debug|Win32
		{C5F80730-F44F-4478-BDAE-6634EFC2CA88}.Debug|ARM64.ActiveCfg = Debug|Win32
		{C5F80730-F44F-4478-BDAE-6634EFC2CA88}.Debug|ARM64.Build.0 = Debug|Win32
		{C5F80730-F44F-4478-BDAE-6634EFC2CA88}.Debug|x86.ActiveCfg = Debug|Win32
		{C5F80730-F44F-4478-BDAE-6634EFC2CA88}.Debug|x86.Build.0 = Debug|Win32
		{C5F80730-F44F-4478-BDAE-6634EFC2CA88}.Release|ARM.ActiveCfg = Release|Win32
		{C5F80730-F44F-4478-BDAE-6634EFC2CA88}.Release|ARM.Build.0 = Release|Win32
		{C5F80730-F44F-4478-BDAE-6634EFC2CA88}.Release|ARM64.ActiveCfg = Release|Win32
		{C5F80730-F44F-4478-BDAE-6634EFC2CA88}.Release|ARM64.Build.0 = Release|Win32
		{C5F80730-F44F-4478-BDAE-6634EFC2CA88}.Release|x86.ActiveCfg = Release|Win32
		{C5F80730-F44F-4478-BDAE-6634EFC2CA88}.Release|x86.Build.0 = Release|Win32
	EndGlobalSection
	GlobalSection(SolutionProperties) = preSolution
		HideSolutionNode = FALSE
	EndGlobalSection
	GlobalSection(ExtensibilityGlobals) = postSolution
		SolutionGuid = {D40E4DCD-2BE1-4D3B-B996-39A1BD79D986}
	EndGlobalSection
	GlobalSection(SharedMSBuildProjectFiles) = preSolution
		C:\Users\stupo\OneDrive\Documents\Arduino\libraries\Adafruit_PWM_Servo_Driver_Library\Adafruit_PWM_Servo_Driver_Library-2.4.1.vcxitems*{15a654d0-cc9d-4779-a862-6034ff475d6b}*SharedItemsImports = 9
		C:\Users\stupo\OneDrive\Documents\Arduino\libraries\ServoEasing\ServoEasing-3.1.0.vcxitems*{61caf810-2eac-4925-b631-c9c96acc68b5}*SharedItemsImports = 9
		C:\Users\stupo\OneDrive\Documents\Arduino\libraries\Adafruit_PWM_Servo_Driver_Library\Adafruit_PWM_Servo_Driver_Library-2.4.1.vcxitems*{c5f80730-f44f-4478-bdae-6634efc2ca88}*SharedItemsImports = 4
		C:\Users\stupo\OneDrive\Documents\Arduino\libraries\ServoEasing\ServoEasing-3.1.0.vcxitems*{c5f80730-f44f-4478-bdae-6634efc2ca88}*SharedItemsImports = 4
	EndGlobalSection
EndGlobal
